
Microsoft Visual Studio Solution File, Format Version 12.00
# Visual Studio Version 17
VisualStudioVersion = 17.2.32616.157
MinimumVisualStudioVersion = 10.0.40219.1
Project("{9A19103F-16F7-4668-BE54-9A1E7A4F7556}") = "CalculatorArea", "CalculatorArea\CalculatorArea.csproj", "{02D13BEB-1B34-4306-8374-B9B7515341EC}"
EndProject
Project("{FAE04EC0-301F-11D3-BF4B-00C04F79EFBC}") = "TestFigure", "TestFigure\TestFigure.csproj", "{29627C62-3251-4404-9A8F-62FBF7F9F54D}"
EndProject
Global
	GlobalSection(SolutionConfigurationPlatforms) = preSolution
		Debug|Any CPU = Debug|Any CPU
		Release|Any CPU = Release|Any CPU
	EndGlobalSection
	GlobalSection(ProjectConfigurationPlatforms) = postSolution
		{02D13BEB-1B34-4306-8374-B9B7515341EC}.Debug|Any CPU.ActiveCfg = Debug|Any CPU
		{02D13BEB-1B34-4306-8374-B9B7515341EC}.Debug|Any CPU.Build.0 = Debug|Any CPU
		{02D13BEB-1B34-4306-8374-B9B7515341EC}.Release|Any CPU.ActiveCfg = Release|Any CPU
		{02D13BEB-1B34-4306-8374-B9B7515341EC}.Release|Any CPU.Build.0 = Release|Any CPU
		{29627C62-3251-4404-9A8F-62FBF7F9F54D}.Debug|Any CPU.ActiveCfg = Debug|Any CPU
		{29627C62-3251-4404-9A8F-62FBF7F9F54D}.Debug|Any CPU.Build.0 = Debug|Any CPU
		{29627C62-3251-4404-9A8F-62FBF7F9F54D}.Release|Any CPU.ActiveCfg = Release|Any CPU
		{29627C62-3251-4404-9A8F-62FBF7F9F54D}.Release|Any CPU.Build.0 = Release|Any CPU
	EndGlobalSection
	GlobalSection(SolutionProperties) = preSolution
		HideSolutionNode = FALSE
	EndGlobalSection
	GlobalSection(ExtensibilityGlobals) = postSolution
		SolutionGuid = {ECB011EB-4679-4F03-A36F-0D6920C03B55}
	EndGlobalSection
EndGlobal
